{
  "lockfileVersion": 1,
  "configVersion": 1,
  "workspaces": {
    "": {
      "name": "kaizen",
      "dependencies": {
        "@ai-sdk/anthropic": "^3.0.66",
        "@ai-sdk/openai": "^3.0.50",
        "ai": "^6.0.146",
        "ajv": "^8.18.0",
        "yaml": "^2.8.3",
      },
      "devDependencies": {
        "@types/bun": "latest",
        "typescript": "^5.4.0",
      },
    },
  },
  "packages": {
    "@ai-sdk/anthropic": ["@ai-sdk/anthropic@3.0.66", "", { "dependencies": { "@ai-sdk/provider": "3.0.8", "@ai-sdk/provider-utils": "4.0.22" }, "peerDependencies": { "zod": "^3.25.76 || ^4.1.8" } }, "sha512-yJpQ2x6ACwbXo5D6HsVWd2FFnnWcetfGx4oxkG66P8FawusvrY2vL2qMiiNTruWrxEYDy+YHc3ctv8C769MMJA=="],

    "@ai-sdk/gateway": ["@ai-sdk/gateway@3.0.88", "", { "dependencies": { "@ai-sdk/provider": "3.0.8", "@ai-sdk/provider-utils": "4.0.22", "@vercel/oidc": "3.1.0" }, "peerDependencies": { "zod": "^3.25.76 || ^4.1.8" } }, "sha512-AFoj7xdWAtCQcy0jJ235ENSakYM8D28qBX+rB+/rX4r8qe/LXgl0e5UivOqxAlIM5E9jnQdYxIPuj3XFtGk/yg=="],

    "@ai-sdk/openai": ["@ai-sdk/openai@3.0.50", "", { "dependencies": { "@ai-sdk/provider": "3.0.8", "@ai-sdk/provider-utils": "4.0.22" }, "peerDependencies": { "zod": "^3.25.76 || ^4.1.8" } }, "sha512-7M7bklrS+gckzPdpQpC3iG5aN5aQPRJdAJQ5jt7sEgYCqDgUuef9x4Nd570+ghIfKTZvV6tSqeeTuD6De/bZig=="],

    "@ai-sdk/provider": ["@ai-sdk/provider@3.0.8", "", { "dependencies": { "json-schema": "^0.4.0" } }, "sha512-oGMAgGoQdBXbZqNG0Ze56CHjDZ1IDYOwGYxYjO5KLSlz5HiNQ9udIXsPZ61VWaHGZ5XW/jyjmr6t2xz2jGVwbQ=="],

    "@ai-sdk/provider-utils": ["@ai-sdk/provider-utils@4.0.22", "", { "dependencies": { "@ai-sdk/provider": "3.0.8", "@standard-schema/spec": "^1.1.0", "eventsource-parser": "^3.0.6" }, "peerDependencies": { "zod": "^3.25.76 || ^4.1.8" } }, "sha512-B2OTFcRw/Pdka9ZTjpXv6T6qZ6RruRuLokyb8HwW+aoW9ndJ3YasA3/mVswyJw7VMBF8ofXgqvcrCt9KYvFifg=="],

    "@opentelemetry/api": ["@opentelemetry/api@1.9.0", "", {}, "sha512-3giAOQvZiH5F9bMlMiv8+GSPMeqg0dbaeo58/0SlA9sxSqZhnUtxzX9/2FzyhS9sWQf5S0GJE0AKBrFqjpeYcg=="],

    "@standard-schema/spec": ["@standard-schema/spec@1.1.0", "", {}, "sha512-l2aFy5jALhniG5HgqrD6jXLi/rUWrKvqN/qJx6yoJsgKhblVd+iqqU4RCXavm/jPityDo5TCvKMnpjKnOriy0w=="],

    "@types/bun": ["@types/bun@1.3.11", "", { "dependencies": { "bun-types": "1.3.11" } }, "sha512-5vPne5QvtpjGpsGYXiFyycfpDF2ECyPcTSsFBMa0fraoxiQyMJ3SmuQIGhzPg2WJuWxVBoxWJ2kClYTcw/4fAg=="],

    "@types/node": ["@types/node@25.5.2", "", { "dependencies": { "undici-types": "~7.18.0" } }, "sha512-tO4ZIRKNC+MDWV4qKVZe3Ql/woTnmHDr5JD8UI5hn2pwBrHEwOEMZK7WlNb5RKB6EoJ02gwmQS9OrjuFnZYdpg=="],

    "@vercel/oidc": ["@vercel/oidc@3.1.0", "", {}, "sha512-Fw28YZpRnA3cAHHDlkt7xQHiJ0fcL+NRcIqsocZQUSmbzeIKRpwttJjik5ZGanXP+vlA4SbTg+AbA3bP363l+w=="],

    "ai": ["ai@6.0.146", "", { "dependencies": { "@ai-sdk/gateway": "3.0.88", "@ai-sdk/provider": "3.0.8", "@ai-sdk/provider-utils": "4.0.22", "@opentelemetry/api": "1.9.0" }, "peerDependencies": { "zod": "^3.25.76 || ^4.1.8" } }, "sha512-70DE8k1rR0N3mXxyyfjYAx/FxRln/kQ5ym18lt1ys1eUklcPuoIXGbUBwdfCbmkt6YF3jCDZ5+OgkWieP/NGDw=="],

    "ajv": ["ajv@8.18.0", "", { "dependencies": { "fast-deep-equal": "^3.1.3", "fast-uri": "^3.0.1", "json-schema-traverse": "^1.0.0", "require-from-string": "^2.0.2" } }, "sha512-PlXPeEWMXMZ7sPYOHqmDyCJzcfNrUr3fGNKtezX14ykXOEIvyK81d+qydx89KY5O71FKMPaQ2vBfBFI5NHR63A=="],

    "bun-types": ["bun-types@1.3.11", "", { "dependencies": { "@types/node": "*" } }, "sha512-1KGPpoxQWl9f6wcZh57LvrPIInQMn2TQ7jsgxqpRzg+l0QPOFvJVH7HmvHo/AiPgwXy+/Thf6Ov3EdVn1vOabg=="],

    "eventsource-parser": ["eventsource-parser@3.0.6", "", {}, "sha512-Vo1ab+QXPzZ4tCa8SwIHJFaSzy4R6SHf7BY79rFBDf0idraZWAkYrDjDj8uWaSm3S2TK+hJ7/t1CEmZ7jXw+pg=="],

    "fast-deep-equal": ["fast-deep-equal@3.1.3", "", {}, "sha512-f3qQ9oQy9j2AhBe/H9VC91wLmKBCCU/gDOnKNAYG5hswO7BLKj09Hc5HYNz9cGI++xlpDCIgDaitVs03ATR84Q=="],

    "fast-uri": ["fast-uri@3.1.0", "", {}, "sha512-iPeeDKJSWf4IEOasVVrknXpaBV0IApz/gp7S2bb7Z4Lljbl2MGJRqInZiUrQwV16cpzw/D3S5j5Julj/gT52AA=="],

    "json-schema": ["json-schema@0.4.0", "", {}, "sha512-es94M3nTIfsEPisRafak+HDLfHXnKBhV3vU5eqPcS3flIWqcxJWgXHXiey3YrpaNsanY5ei1VoYEbOzijuq9BA=="],

    "json-schema-traverse": ["json-schema-traverse@1.0.0", "", {}, "sha512-NM8/P9n3XjXhIZn1lLhkFaACTOURQXjWhV4BA/RnOv8xvgqtqpAX9IO4mRQxSx1Rlo4tqzeqb0sOlruaOy3dug=="],

    "require-from-string": ["require-from-string@2.0.2", "", {}, "sha512-Xf0nWe6RseziFMu+Ap9biiUbmplq6S9/p+7w7YXP/JBHhrUDDUhwa+vANyubuqfZWTveU//DYVGsDG7RKL/vEw=="],

    "typescript": ["typescript@5.9.3", "", { "bin": { "tsc": "bin/tsc", "tsserver": "bin/tsserver" } }, "sha512-jl1vZzPDinLr9eUt3J/t7V6FgNEw9QjvBPdysz9KfQDD41fQrC2Y4vKQdiaUpFT4bXlb1RHhLpp8wtm6M5TgSw=="],

    "undici-types": ["undici-types@7.18.2", "", {}, "sha512-AsuCzffGHJybSaRrmr5eHr81mwJU3kjw6M+uprWvCXiNeN9SOGwQ3Jn8jb8m3Z6izVgknn1R0FTCEAP2QrLY/w=="],

    "yaml": ["yaml@2.8.3", "", { "bin": { "yaml": "bin.mjs" } }, "sha512-AvbaCLOO2Otw/lW5bmh9d/WEdcDFdQp2Z2ZUH3pX9U2ihyUY0nvLv7J6TrWowklRGPYbB/IuIMfYgxaCPg5Bpg=="],

    "zod": ["zod@4.3.6", "", {}, "sha512-rftlrkhHZOcjDwkGlnUtZZkvaPHCsDATp4pGpuOOMDaTdDDXF91wuVDJoWoPsKX/3YPQ5fHuF3STjcYyKr+Qhg=="],
  }
}
